
Microsoft Visual Studio Solution File, Format Version 12.00
# Visual Studio Version 17
VisualStudioVersion = 17.9.34607.119
MinimumVisualStudioVersion = 10.0.40219.1
Project("{9A19103F-16F7-4668-BE54-9A1E7A4F7556}") = "OSK.Security.Cryptography.Abstractions", "OSK.Security.Cryptography.Abstractions\OSK.Security.Cryptography.Abstractions.csproj", "{6347C031-05BE-4DDE-8D9A-D7230F1344A5}"
EndProject
Project("{9A19103F-16F7-4668-BE54-9A1E7A4F7556}") = "OSK.Security.Cryptography", "OSK.Security.Cryptography\OSK.Security.Cryptography.csproj", "{31BB46BA-18FB-4860-8313-F7F4806C8F0A}"
EndProject
Global
	GlobalSection(SolutionConfigurationPlatforms) = preSolution
		Debug|Any CPU = Debug|Any CPU
		Release|Any CPU = Release|Any CPU
	EndGlobalSection
	GlobalSection(ProjectConfigurationPlatforms) = postSolution
		{6347C031-05BE-4DDE-8D9A-D7230F1344A5}.Debug|Any CPU.ActiveCfg = Debug|Any CPU
		{6347C031-05BE-4DDE-8D9A-D7230F1344A5}.Debug|Any CPU.Build.0 = Debug|Any CPU
		{6347C031-05BE-4DDE-8D9A-D7230F1344A5}.Release|Any CPU.ActiveCfg = Release|Any CPU
		{6347C031-05BE-4DDE-8D9A-D7230F1344A5}.Release|Any CPU.Build.0 = Release|Any CPU
		{31BB46BA-18FB-4860-8313-F7F4806C8F0A}.Debug|Any CPU.ActiveCfg = Debug|Any CPU
		{31BB46BA-18FB-4860-8313-F7F4806C8F0A}.Debug|Any CPU.Build.0 = Debug|Any CPU
		{31BB46BA-18FB-4860-8313-F7F4806C8F0A}.Release|Any CPU.ActiveCfg = Release|Any CPU
		{31BB46BA-18FB-4860-8313-F7F4806C8F0A}.Release|Any CPU.Build.0 = Release|Any CPU
	EndGlobalSection
	GlobalSection(SolutionProperties) = preSolution
		HideSolutionNode = FALSE
	EndGlobalSection
	GlobalSection(ExtensibilityGlobals) = postSolution
		SolutionGuid = {2B64D6D2-9D35-4EB6-B43A-96B39FFAEF57}
	EndGlobalSection
EndGlobal
